// !$*UTF8*$!
{
	archiveVersion = 1;
	classes = {
	};
	objectVersion = 46;
	objects = {

/* Begin PBXBuildFile section */
		1D60589B0D05DD56006BFB54 /* main.m in Sources */ = {isa = PBXBuildFile; fileRef = 29B97316FDCFA39411CA2CEA /* main.m */; };
		1D60589F0D05DD5A006BFB54 /* Foundation.framework in Frameworks */ = {isa = PBXBuildFile; fileRef = 1D30AB110D05D00D00671497 /* Foundation.framework */; };
		1DF5F4E00D08C38300B7A737 /* UIKit.framework in Frameworks */ = {isa = PBXBuildFile; fileRef = 1DF5F4DF0D08C38300B7A737 /* UIKit.framework */; };
		28860BE50F44EE6400985440 /* CoreData.framework in Frameworks */ = {isa = PBXBuildFile; fileRef = 28860BE40F44EE6400985440 /* CoreData.framework */; };
		2892E4100DC94CBA00A64D0F /* CoreGraphics.framework in Frameworks */ = {isa = PBXBuildFile; fileRef = 2892E40F0DC94CBA00A64D0F /* CoreGraphics.framework */; };
		28D3F202112F7DC200FD0661 /* FriendsAnalyzer.xcdatamodeld in Sources */ = {isa = PBXBuildFile; fileRef = 28D3F201112F7DC200FD0661 /* FriendsAnalyzer.xcdatamodeld */; };
		6D9A1391118740B187F62EC0 /* libPods.a in Frameworks */ = {isa = PBXBuildFile; fileRef = B3FCCBB91FCC45F9A2B33529 /* libPods.a */; };
		7C0C06F81603D0560026CF44 /* LocationViewController.xib in Resources */ = {isa = PBXBuildFile; fileRef = 7C0C06F71603D0560026CF44 /* LocationViewController.xib */; };
		7C0C07181603DA030026CF44 /* WorkCell.xib in Resources */ = {isa = PBXBuildFile; fileRef = 7C0C07171603DA030026CF44 /* WorkCell.xib */; };
		7C0C071A1603DF7F0026CF44 /* EducationCell.xib in Resources */ = {isa = PBXBuildFile; fileRef = 7C0C07191603DF7F0026CF44 /* EducationCell.xib */; };
		7C13AF8F13214C8C001FD36C /* BirthdayViewController.m in Sources */ = {isa = PBXBuildFile; fileRef = 7C13AF8D13214C8C001FD36C /* BirthdayViewController.m */; };
		7C1FF31D132EABE300110D03 /* WorkViewController.m in Sources */ = {isa = PBXBuildFile; fileRef = 7C1FF31C132EABE300110D03 /* WorkViewController.m */; };
		7C1FF320132EAD3700110D03 /* FRCBasedTableViewController.m in Sources */ = {isa = PBXBuildFile; fileRef = 7C1FF31F132EAD3700110D03 /* FRCBasedTableViewController.m */; };
		7C1FF323132EB29600110D03 /* EmployerViewController.m in Sources */ = {isa = PBXBuildFile; fileRef = 7C1FF322132EB29500110D03 /* EmployerViewController.m */; };
		7C37C1A4131EA0FC004EFA64 /* FBRequestOperation.m in Sources */ = {isa = PBXBuildFile; fileRef = 7C37C1A3131EA0FC004EFA64 /* FBRequestOperation.m */; };
		7C37C30B131EEC91004EFA64 /* NameViewController.m in Sources */ = {isa = PBXBuildFile; fileRef = 7C37C309131EEC91004EFA64 /* NameViewController.m */; };
		7C42EFD91333DD8300BA6B5F /* UserDetailViewController.m in Sources */ = {isa = PBXBuildFile; fileRef = 7C42EFD71333DD8300BA6B5F /* UserDetailViewController.m */; };
		7C42EFDA1333DD8300BA6B5F /* UserDetailViewController.xib in Resources */ = {isa = PBXBuildFile; fileRef = 7C42EFD81333DD8300BA6B5F /* UserDetailViewController.xib */; };
		7C4995E71342758500A49BBA /* PieChartObject.m in Sources */ = {isa = PBXBuildFile; fileRef = 7C4995E61342758500A49BBA /* PieChartObject.m */; };
		7C4DD511131D8081006C69CF /* MenuStructure.plist in Resources */ = {isa = PBXBuildFile; fileRef = 7C4DD510131D8081006C69CF /* MenuStructure.plist */; };
		7C4DD51B131D852A006C69CF /* MainMenuViewController.m in Sources */ = {isa = PBXBuildFile; fileRef = 7C4DD519131D852A006C69CF /* MainMenuViewController.m */; };
		7C5141F7133BF991001A0573 /* LastNameViewController.m in Sources */ = {isa = PBXBuildFile; fileRef = 7C5141F6133BF990001A0573 /* LastNameViewController.m */; };
		7C5141FA133BF9A0001A0573 /* FullNameViewController.m in Sources */ = {isa = PBXBuildFile; fileRef = 7C5141F9133BF99F001A0573 /* FullNameViewController.m */; };
		7C5C6FDE16095EBD00A7C615 /* ObjectAttribute.m in Sources */ = {isa = PBXBuildFile; fileRef = 7C5C6FDD16095EBD00A7C615 /* ObjectAttribute.m */; };
		7C5C6FE116095EBF00A7C615 /* Work.m in Sources */ = {isa = PBXBuildFile; fileRef = 7C5C6FE016095EBE00A7C615 /* Work.m */; };
		7C5C6FE416095EBF00A7C615 /* Geocode.m in Sources */ = {isa = PBXBuildFile; fileRef = 7C5C6FE316095EBF00A7C615 /* Geocode.m */; };
		7C5C6FE716095EC100A7C615 /* Education.m in Sources */ = {isa = PBXBuildFile; fileRef = 7C5C6FE616095EC100A7C615 /* Education.m */; };
		7C5C6FEA16095EC100A7C615 /* User.m in Sources */ = {isa = PBXBuildFile; fileRef = 7C5C6FE916095EC100A7C615 /* User.m */; };
		7C5C6FED16095EC100A7C615 /* LocationName.m in Sources */ = {isa = PBXBuildFile; fileRef = 7C5C6FEC16095EC100A7C615 /* LocationName.m */; };
		7C5EB55D13F328720063F116 /* UIColor+Utilities.m in Sources */ = {isa = PBXBuildFile; fileRef = 7C5EB55C13F328720063F116 /* UIColor+Utilities.m */; };
		7C70C00A13315F3000E1B87C /* WorkCell.m in Sources */ = {isa = PBXBuildFile; fileRef = 7C70C00913315F3000E1B87C /* WorkCell.m */; };
		7C70C00D1331614C00E1B87C /* PositionViewController.m in Sources */ = {isa = PBXBuildFile; fileRef = 7C70C00C1331614A00E1B87C /* PositionViewController.m */; };
		7C73063F17E165370067A1DA /* Images.xcassets in Resources */ = {isa = PBXBuildFile; fileRef = 7C73063E17E165370067A1DA /* Images.xcassets */; };
		7C74C55813219060003258AC /* Horoscope.plist in Resources */ = {isa = PBXBuildFile; fileRef = 7C74C55713219060003258AC /* Horoscope.plist */; };
		7C7583721612A3D500075271 /* Accounts.framework in Frameworks */ = {isa = PBXBuildFile; fileRef = 7C7583711612A3D500075271 /* Accounts.framework */; };
		7C7583741612A3DA00075271 /* AdSupport.framework in Frameworks */ = {isa = PBXBuildFile; fileRef = 7C7583731612A3DA00075271 /* AdSupport.framework */; };
		7C7583761612A3FD00075271 /* Social.framework in Frameworks */ = {isa = PBXBuildFile; fileRef = 7C7583751612A3FD00075271 /* Social.framework */; };
		7C79F60513FC565A00E86629 /* ForwardGeocodingOperationV2.m in Sources */ = {isa = PBXBuildFile; fileRef = 7C79F60413FC565A00E86629 /* ForwardGeocodingOperationV2.m */; };
		7C83D9D313256BA10059BBF0 /* LocationViewController.m in Sources */ = {isa = PBXBuildFile; fileRef = 7C83D9D113256BA10059BBF0 /* LocationViewController.m */; };
		7C83D9D613256D4B0059BBF0 /* MapKit.framework in Frameworks */ = {isa = PBXBuildFile; fileRef = 7C83D9D513256D4B0059BBF0 /* MapKit.framework */; };
		7C83D9DE1325745F0059BBF0 /* CoreLocation.framework in Frameworks */ = {isa = PBXBuildFile; fileRef = 7C83D9DD1325745F0059BBF0 /* CoreLocation.framework */; };
		7C92D6471602876B00161D93 /* ImageIO.framework in Frameworks */ = {isa = PBXBuildFile; fileRef = 7C92D6461602876B00161D93 /* ImageIO.framework */; };
		7C92D64E16028E8400161D93 /* CounterCell.m in Sources */ = {isa = PBXBuildFile; fileRef = 7C92D64D16028E8400161D93 /* CounterCell.m */; };
		7C92D65016028E9200161D93 /* CounterCell.xib in Resources */ = {isa = PBXBuildFile; fileRef = 7C92D64F16028E9200161D93 /* CounterCell.xib */; };
		7CC5B0FA131D6F6200FEA4DE /* AppDelegate.m in Sources */ = {isa = PBXBuildFile; fileRef = 7CC5B0D5131D6F6200FEA4DE /* AppDelegate.m */; };
		7CC5B0FB131D6F6200FEA4DE /* UserTableViewController.m in Sources */ = {isa = PBXBuildFile; fileRef = 7CC5B0D7131D6F6200FEA4DE /* UserTableViewController.m */; };
		7CC5B0FD131D6F6200FEA4DE /* PieChartColorScheme.plist in Resources */ = {isa = PBXBuildFile; fileRef = 7CC5B0D9131D6F6200FEA4DE /* PieChartColorScheme.plist */; };
		7CC5B0FE131D6F6200FEA4DE /* PieChartView.m in Sources */ = {isa = PBXBuildFile; fileRef = 7CC5B0DB131D6F6200FEA4DE /* PieChartView.m */; };
		7CC5B101131D6F6200FEA4DE /* RootViewController.m in Sources */ = {isa = PBXBuildFile; fileRef = 7CC5B0E0131D6F6200FEA4DE /* RootViewController.m */; };
		7CC5B187131D764700FEA4DE /* EnhancedManagedObject.m in Sources */ = {isa = PBXBuildFile; fileRef = 7CC5B186131D764700FEA4DE /* EnhancedManagedObject.m */; };
		7CC5B1B1131D797D00FEA4DE /* NSDate+Utilities.m in Sources */ = {isa = PBXBuildFile; fileRef = 7CC5B1B0131D797D00FEA4DE /* NSDate+Utilities.m */; };
		7CC78EC4132965A700CA2B45 /* LastUpdateViewController.m in Sources */ = {isa = PBXBuildFile; fileRef = 7CC78EC2132965A700CA2B45 /* LastUpdateViewController.m */; };
		7CC78ED613296F0900CA2B45 /* EducationViewController.m in Sources */ = {isa = PBXBuildFile; fileRef = 7CC78ED413296F0900CA2B45 /* EducationViewController.m */; };
		7CC78EDA1329732100CA2B45 /* SchoolViewController.m in Sources */ = {isa = PBXBuildFile; fileRef = 7CC78ED91329732000CA2B45 /* SchoolViewController.m */; };
		7CC78EE71329858200CA2B45 /* ConcentrationViewController.m in Sources */ = {isa = PBXBuildFile; fileRef = 7CC78EE61329858000CA2B45 /* ConcentrationViewController.m */; };
		7CD02E611330161D0019728A /* ArrayBasedTableViewController.m in Sources */ = {isa = PBXBuildFile; fileRef = 7CD02E601330161D0019728A /* ArrayBasedTableViewController.m */; };
		7CD9A8001333FD4F0004AA48 /* attributeDisplayNames.plist in Resources */ = {isa = PBXBuildFile; fileRef = 7CD9A7FF1333FD4F0004AA48 /* attributeDisplayNames.plist */; };
		7CE46ED71601793B009D3A5A /* MainStoryboard.storyboard in Resources */ = {isa = PBXBuildFile; fileRef = 7CE46ED61601793B009D3A5A /* MainStoryboard.storyboard */; };
		7CEE3BFC133946EB0004D50C /* EducationTableViewController.m in Sources */ = {isa = PBXBuildFile; fileRef = 7CEE3BFB133946EB0004D50C /* EducationTableViewController.m */; };
		7CEE3BFF133946FB0004D50C /* EducationCell.m in Sources */ = {isa = PBXBuildFile; fileRef = 7CEE3BFE133946FB0004D50C /* EducationCell.m */; };
		7CEF03AB132DD5F20058FD63 /* DegreeViewController.m in Sources */ = {isa = PBXBuildFile; fileRef = 7CEF03AA132DD5F10058FD63 /* DegreeViewController.m */; };
		7CF0CC681327F0E3006C5693 /* HometownViewController.m in Sources */ = {isa = PBXBuildFile; fileRef = 7CF0CC671327F0E2006C5693 /* HometownViewController.m */; };
		7CF0CC6B1327F3DC006C5693 /* UserLocationViewController.m in Sources */ = {isa = PBXBuildFile; fileRef = 7CF0CC6A1327F3DB006C5693 /* UserLocationViewController.m */; };
		7CF0CC6E1327FEF6006C5693 /* MapAnnotation.m in Sources */ = {isa = PBXBuildFile; fileRef = 7CF0CC6D1327FEF2006C5693 /* MapAnnotation.m */; };
		7CF6105D132EC0AA002D21DB /* WorkLocationViewController.m in Sources */ = {isa = PBXBuildFile; fileRef = 7CF6105C132EC0AA002D21DB /* WorkLocationViewController.m */; };
		7CF61060132EC979002D21DB /* WorkTableViewController.m in Sources */ = {isa = PBXBuildFile; fileRef = 7CF6105F132EC979002D21DB /* WorkTableViewController.m */; };
		7CF6DCE4133E434C001CE00F /* PieChartColorSchemeRGB.plist in Resources */ = {isa = PBXBuildFile; fileRef = 7CF6DCE3133E434C001CE00F /* PieChartColorSchemeRGB.plist */; };
/* End PBXBuildFile section */

/* Begin PBXFileReference section */
		1D30AB110D05D00D00671497 /* Foundation.framework */ = {isa = PBXFileReference; lastKnownFileType = wrapper.framework; name = Foundation.framework; path = System/Library/Frameworks/Foundation.framework; sourceTree = SDKROOT; };
		1D6058910D05DD3D006BFB54 /* FriendsAnalyzer.app */ = {isa = PBXFileReference; explicitFileType = wrapper.application; includeInIndex = 0; path = FriendsAnalyzer.app; sourceTree = BUILT_PRODUCTS_DIR; };
		1DF5F4DF0D08C38300B7A737 /* UIKit.framework */ = {isa = PBXFileReference; lastKnownFileType = wrapper.framework; name = UIKit.framework; path = System/Library/Frameworks/UIKit.framework; sourceTree = SDKROOT; };
		28860B760F44E54D00985440 /* FriendsAnalyzer.xcdatamodel */ = {isa = PBXFileReference; fileEncoding = 4; lastKnownFileType = wrapper.xcdatamodel; path = FriendsAnalyzer.xcdatamodel; sourceTree = "<group>"; };
		28860BE40F44EE6400985440 /* CoreData.framework */ = {isa = PBXFileReference; lastKnownFileType = wrapper.framework; name = CoreData.framework; path = System/Library/Frameworks/CoreData.framework; sourceTree = SDKROOT; };
		2892E40F0DC94CBA00A64D0F /* CoreGraphics.framework */ = {isa = PBXFileReference; lastKnownFileType = wrapper.framework; name = CoreGraphics.framework; path = System/Library/Frameworks/CoreGraphics.framework; sourceTree = SDKROOT; };
		28A0AAE50D9B0CCF005BE974 /* FriendsAnalyzer_Prefix.pch */ = {isa = PBXFileReference; fileEncoding = 4; lastKnownFileType = sourcecode.c.h; path = FriendsAnalyzer_Prefix.pch; sourceTree = "<group>"; };
		29B97316FDCFA39411CA2CEA /* main.m */ = {isa = PBXFileReference; fileEncoding = 4; lastKnownFileType = sourcecode.c.objc; path = main.m; sourceTree = "<group>"; };
		7C0C06F71603D0560026CF44 /* LocationViewController.xib */ = {isa = PBXFileReference; fileEncoding = 4; lastKnownFileType = file.xib; path = LocationViewController.xib; sourceTree = "<group>"; };
		7C0C07171603DA030026CF44 /* WorkCell.xib */ = {isa = PBXFileReference; fileEncoding = 4; lastKnownFileType = file.xib; path = WorkCell.xib; sourceTree = "<group>"; };
		7C0C07191603DF7F0026CF44 /* EducationCell.xib */ = {isa = PBXFileReference; fileEncoding = 4; lastKnownFileType = file.xib; path = EducationCell.xib; sourceTree = "<group>"; };
		7C13AF8C13214C8C001FD36C /* BirthdayViewController.h */ = {isa = PBXFileReference; fileEncoding = 4; lastKnownFileType = sourcecode.c.h; path = BirthdayViewController.h; sourceTree = "<group>"; };
		7C13AF8D13214C8C001FD36C /* BirthdayViewController.m */ = {isa = PBXFileReference; fileEncoding = 4; lastKnownFileType = sourcecode.c.objc; path = BirthdayViewController.m; sourceTree = "<group>"; };
		7C1FF31B132EABE300110D03 /* WorkViewController.h */ = {isa = PBXFileReference; fileEncoding = 4; lastKnownFileType = sourcecode.c.h; path = WorkViewController.h; sourceTree = "<group>"; };
		7C1FF31C132EABE300110D03 /* WorkViewController.m */ = {isa = PBXFileReference; fileEncoding = 4; lastKnownFileType = sourcecode.c.objc; path = WorkViewController.m; sourceTree = "<group>"; };
		7C1FF31E132EAD3700110D03 /* FRCBasedTableViewController.h */ = {isa = PBXFileReference; fileEncoding = 4; lastKnownFileType = sourcecode.c.h; path = FRCBasedTableViewController.h; sourceTree = "<group>"; };
		7C1FF31F132EAD3700110D03 /* FRCBasedTableViewController.m */ = {isa = PBXFileReference; fileEncoding = 4; lastKnownFileType = sourcecode.c.objc; path = FRCBasedTableViewController.m; sourceTree = "<group>"; };
		7C1FF321132EB29500110D03 /* EmployerViewController.h */ = {isa = PBXFileReference; fileEncoding = 4; lastKnownFileType = sourcecode.c.h; path = EmployerViewController.h; sourceTree = "<group>"; };
		7C1FF322132EB29500110D03 /* EmployerViewController.m */ = {isa = PBXFileReference; fileEncoding = 4; lastKnownFileType = sourcecode.c.objc; path = EmployerViewController.m; sourceTree = "<group>"; };
		7C37C1A2131EA0FC004EFA64 /* FBRequestOperation.h */ = {isa = PBXFileReference; fileEncoding = 4; lastKnownFileType = sourcecode.c.h; path = FBRequestOperation.h; sourceTree = "<group>"; };
		7C37C1A3131EA0FC004EFA64 /* FBRequestOperation.m */ = {isa = PBXFileReference; fileEncoding = 4; lastKnownFileType = sourcecode.c.objc; path = FBRequestOperation.m; sourceTree = "<group>"; };
		7C37C308131EEC91004EFA64 /* NameViewController.h */ = {isa = PBXFileReference; fileEncoding = 4; lastKnownFileType = sourcecode.c.h; path = NameViewController.h; sourceTree = "<group>"; };
		7C37C309131EEC91004EFA64 /* NameViewController.m */ = {isa = PBXFileReference; fileEncoding = 4; lastKnownFileType = sourcecode.c.objc; path = NameViewController.m; sourceTree = "<group>"; };
		7C42EFD61333DD8300BA6B5F /* UserDetailViewController.h */ = {isa = PBXFileReference; fileEncoding = 4; lastKnownFileType = sourcecode.c.h; path = UserDetailViewController.h; sourceTree = "<group>"; };
		7C42EFD71333DD8300BA6B5F /* UserDetailViewController.m */ = {isa = PBXFileReference; fileEncoding = 4; lastKnownFileType = sourcecode.c.objc; path = UserDetailViewController.m; sourceTree = "<group>"; };
		7C42EFD81333DD8300BA6B5F /* UserDetailViewController.xib */ = {isa = PBXFileReference; fileEncoding = 4; lastKnownFileType = file.xib; path = UserDetailViewController.xib; sourceTree = "<group>"; };
		7C4995E51342758500A49BBA /* PieChartObject.h */ = {isa = PBXFileReference; fileEncoding = 4; lastKnownFileType = sourcecode.c.h; path = PieChartObject.h; sourceTree = "<group>"; };
		7C4995E61342758500A49BBA /* PieChartObject.m */ = {isa = PBXFileReference; fileEncoding = 4; lastKnownFileType = sourcecode.c.objc; path = PieChartObject.m; sourceTree = "<group>"; };
		7C4DD510131D8081006C69CF /* MenuStructure.plist */ = {isa = PBXFileReference; fileEncoding = 4; lastKnownFileType = text.plist.xml; path = MenuStructure.plist; sourceTree = "<group>"; };
		7C4DD518131D852A006C69CF /* MainMenuViewController.h */ = {isa = PBXFileReference; fileEncoding = 4; lastKnownFileType = sourcecode.c.h; path = MainMenuViewController.h; sourceTree = "<group>"; };
		7C4DD519131D852A006C69CF /* MainMenuViewController.m */ = {isa = PBXFileReference; fileEncoding = 4; lastKnownFileType = sourcecode.c.objc; path = MainMenuViewController.m; sourceTree = "<group>"; };
		7C5141F5133BF990001A0573 /* LastNameViewController.h */ = {isa = PBXFileReference; fileEncoding = 4; lastKnownFileType = sourcecode.c.h; path = LastNameViewController.h; sourceTree = "<group>"; };
		7C5141F6133BF990001A0573 /* LastNameViewController.m */ = {isa = PBXFileReference; fileEncoding = 4; lastKnownFileType = sourcecode.c.objc; path = LastNameViewController.m; sourceTree = "<group>"; };
		7C5141F8133BF99F001A0573 /* FullNameViewController.h */ = {isa = PBXFileReference; fileEncoding = 4; lastKnownFileType = sourcecode.c.h; path = FullNameViewController.h; sourceTree = "<group>"; };
		7C5141F9133BF99F001A0573 /* FullNameViewController.m */ = {isa = PBXFileReference; fileEncoding = 4; lastKnownFileType = sourcecode.c.objc; path = FullNameViewController.m; sourceTree = "<group>"; };
		7C5C6FDC16095EBC00A7C615 /* ObjectAttribute.h */ = {isa = PBXFileReference; fileEncoding = 4; lastKnownFileType = sourcecode.c.h; path = ObjectAttribute.h; sourceTree = "<group>"; };
		7C5C6FDD16095EBD00A7C615 /* ObjectAttribute.m */ = {isa = PBXFileReference; fileEncoding = 4; lastKnownFileType = sourcecode.c.objc; path = ObjectAttribute.m; sourceTree = "<group>"; };
		7C5C6FDF16095EBE00A7C615 /* Work.h */ = {isa = PBXFileReference; fileEncoding = 4; lastKnownFileType = sourcecode.c.h; path = Work.h; sourceTree = "<group>"; };
		7C5C6FE016095EBE00A7C615 /* Work.m */ = {isa = PBXFileReference; fileEncoding = 4; lastKnownFileType = sourcecode.c.objc; path = Work.m; sourceTree = "<group>"; };
		7C5C6FE216095EBF00A7C615 /* Geocode.h */ = {isa = PBXFileReference; fileEncoding = 4; lastKnownFileType = sourcecode.c.h; path = Geocode.h; sourceTree = "<group>"; };
		7C5C6FE316095EBF00A7C615 /* Geocode.m */ = {isa = PBXFileReference; fileEncoding = 4; lastKnownFileType = sourcecode.c.objc; path = Geocode.m; sourceTree = "<group>"; };
		7C5C6FE516095EC000A7C615 /* Education.h */ = {isa = PBXFileReference; fileEncoding = 4; lastKnownFileType = sourcecode.c.h; path = Education.h; sourceTree = "<group>"; };
		7C5C6FE616095EC100A7C615 /* Education.m */ = {isa = PBXFileReference; fileEncoding = 4; lastKnownFileType = sourcecode.c.objc; path = Education.m; sourceTree = "<group>"; };
		7C5C6FE816095EC100A7C615 /* User.h */ = {isa = PBXFileReference; fileEncoding = 4; lastKnownFileType = sourcecode.c.h; path = User.h; sourceTree = "<group>"; };
		7C5C6FE916095EC100A7C615 /* User.m */ = {isa = PBXFileReference; fileEncoding = 4; lastKnownFileType = sourcecode.c.objc; path = User.m; sourceTree = "<group>"; };
		7C5C6FEB16095EC100A7C615 /* LocationName.h */ = {isa = PBXFileReference; fileEncoding = 4; lastKnownFileType = sourcecode.c.h; path = LocationName.h; sourceTree = "<group>"; };
		7C5C6FEC16095EC100A7C615 /* LocationName.m */ = {isa = PBXFileReference; fileEncoding = 4; lastKnownFileType = sourcecode.c.objc; path = LocationName.m; sourceTree = "<group>"; };
		7C5EB55B13F328720063F116 /* UIColor+Utilities.h */ = {isa = PBXFileReference; fileEncoding = 4; lastKnownFileType = sourcecode.c.h; path = "UIColor+Utilities.h"; sourceTree = "<group>"; };
		7C5EB55C13F328720063F116 /* UIColor+Utilities.m */ = {isa = PBXFileReference; fileEncoding = 4; lastKnownFileType = sourcecode.c.objc; path = "UIColor+Utilities.m"; sourceTree = "<group>"; };
		7C70C00813315F3000E1B87C /* WorkCell.h */ = {isa = PBXFileReference; fileEncoding = 4; lastKnownFileType = sourcecode.c.h; path = WorkCell.h; sourceTree = "<group>"; };
		7C70C00913315F3000E1B87C /* WorkCell.m */ = {isa = PBXFileReference; fileEncoding = 4; lastKnownFileType = sourcecode.c.objc; path = WorkCell.m; sourceTree = "<group>"; };
		7C70C00B1331614A00E1B87C /* PositionViewController.h */ = {isa = PBXFileReference; fileEncoding = 4; lastKnownFileType = sourcecode.c.h; path = PositionViewController.h; sourceTree = "<group>"; };
		7C70C00C1331614A00E1B87C /* PositionViewController.m */ = {isa = PBXFileReference; fileEncoding = 4; lastKnownFileType = sourcecode.c.objc; path = PositionViewController.m; sourceTree = "<group>"; };
		7C73063E17E165370067A1DA /* Images.xcassets */ = {isa = PBXFileReference; lastKnownFileType = folder.assetcatalog; name = Images.xcassets; path = FriendsAnalyzer/Images.xcassets; sourceTree = "<group>"; };
		7C74C55713219060003258AC /* Horoscope.plist */ = {isa = PBXFileReference; fileEncoding = 4; lastKnownFileType = text.plist.xml; path = Horoscope.plist; sourceTree = "<group>"; };
		7C7583711612A3D500075271 /* Accounts.framework */ = {isa = PBXFileReference; lastKnownFileType = wrapper.framework; name = Accounts.framework; path = System/Library/Frameworks/Accounts.framework; sourceTree = SDKROOT; };
		7C7583731612A3DA00075271 /* AdSupport.framework */ = {isa = PBXFileReference; lastKnownFileType = wrapper.framework; name = AdSupport.framework; path = System/Library/Frameworks/AdSupport.framework; sourceTree = SDKROOT; };
		7C7583751612A3FD00075271 /* Social.framework */ = {isa = PBXFileReference; lastKnownFileType = wrapper.framework; name = Social.framework; path = System/Library/Frameworks/Social.framework; sourceTree = SDKROOT; };
		7C79F60313FC565A00E86629 /* ForwardGeocodingOperationV2.h */ = {isa = PBXFileReference; fileEncoding = 4; lastKnownFileType = sourcecode.c.h; path = ForwardGeocodingOperationV2.h; sourceTree = "<group>"; };
		7C79F60413FC565A00E86629 /* ForwardGeocodingOperationV2.m */ = {isa = PBXFileReference; fileEncoding = 4; lastKnownFileType = sourcecode.c.objc; path = ForwardGeocodingOperationV2.m; sourceTree = "<group>"; };
		7C83D9D013256BA10059BBF0 /* LocationViewController.h */ = {isa = PBXFileReference; fileEncoding = 4; lastKnownFileType = sourcecode.c.h; path = LocationViewController.h; sourceTree = "<group>"; };
		7C83D9D113256BA10059BBF0 /* LocationViewController.m */ = {isa = PBXFileReference; fileEncoding = 4; lastKnownFileType = sourcecode.c.objc; path = LocationViewController.m; sourceTree = "<group>"; };
		7C83D9D513256D4B0059BBF0 /* MapKit.framework */ = {isa = PBXFileReference; lastKnownFileType = wrapper.framework; name = MapKit.framework; path = System/Library/Frameworks/MapKit.framework; sourceTree = SDKROOT; };
		7C83D9DD1325745F0059BBF0 /* CoreLocation.framework */ = {isa = PBXFileReference; lastKnownFileType = wrapper.framework; name = CoreLocation.framework; path = System/Library/Frameworks/CoreLocation.framework; sourceTree = SDKROOT; };
		7C92D6461602876B00161D93 /* ImageIO.framework */ = {isa = PBXFileReference; lastKnownFileType = wrapper.framework; name = ImageIO.framework; path = System/Library/Frameworks/ImageIO.framework; sourceTree = SDKROOT; };
		7C92D64C16028E8400161D93 /* CounterCell.h */ = {isa = PBXFileReference; fileEncoding = 4; lastKnownFileType = sourcecode.c.h; path = CounterCell.h; sourceTree = "<group>"; };
		7C92D64D16028E8400161D93 /* CounterCell.m */ = {isa = PBXFileReference; fileEncoding = 4; lastKnownFileType = sourcecode.c.objc; path = CounterCell.m; sourceTree = "<group>"; };
		7C92D64F16028E9200161D93 /* CounterCell.xib */ = {isa = PBXFileReference; fileEncoding = 4; lastKnownFileType = file.xib; path = CounterCell.xib; sourceTree = "<group>"; };
		7CC5B0D4131D6F6200FEA4DE /* AppDelegate.h */ = {isa = PBXFileReference; fileEncoding = 4; lastKnownFileType = sourcecode.c.h; path = AppDelegate.h; sourceTree = "<group>"; };
		7CC5B0D5131D6F6200FEA4DE /* AppDelegate.m */ = {isa = PBXFileReference; fileEncoding = 4; lastKnownFileType = sourcecode.c.objc; path = AppDelegate.m; sourceTree = "<group>"; };
		7CC5B0D6131D6F6200FEA4DE /* UserTableViewController.h */ = {isa = PBXFileReference; fileEncoding = 4; lastKnownFileType = sourcecode.c.h; path = UserTableViewController.h; sourceTree = "<group>"; };
		7CC5B0D7131D6F6200FEA4DE /* UserTableViewController.m */ = {isa = PBXFileReference; fileEncoding = 4; lastKnownFileType = sourcecode.c.objc; path = UserTableViewController.m; sourceTree = "<group>"; };
		7CC5B0D9131D6F6200FEA4DE /* PieChartColorScheme.plist */ = {isa = PBXFileReference; fileEncoding = 4; lastKnownFileType = text.plist.xml; path = PieChartColorScheme.plist; sourceTree = "<group>"; };
		7CC5B0DA131D6F6200FEA4DE /* PieChartView.h */ = {isa = PBXFileReference; fileEncoding = 4; lastKnownFileType = sourcecode.c.h; path = PieChartView.h; sourceTree = "<group>"; };
		7CC5B0DB131D6F6200FEA4DE /* PieChartView.m */ = {isa = PBXFileReference; fileEncoding = 4; lastKnownFileType = sourcecode.c.objc; path = PieChartView.m; sourceTree = "<group>"; };
		7CC5B0DF131D6F6200FEA4DE /* RootViewController.h */ = {isa = PBXFileReference; fileEncoding = 4; lastKnownFileType = sourcecode.c.h; path = RootViewController.h; sourceTree = "<group>"; };
		7CC5B0E0131D6F6200FEA4DE /* RootViewController.m */ = {isa = PBXFileReference; fileEncoding = 4; lastKnownFileType = sourcecode.c.objc; path = RootViewController.m; sourceTree = "<group>"; };
		7CC5B185131D764700FEA4DE /* EnhancedManagedObject.h */ = {isa = PBXFileReference; fileEncoding = 4; lastKnownFileType = sourcecode.c.h; path = EnhancedManagedObject.h; sourceTree = "<group>"; };
		7CC5B186131D764700FEA4DE /* EnhancedManagedObject.m */ = {isa = PBXFileReference; fileEncoding = 4; lastKnownFileType = sourcecode.c.objc; path = EnhancedManagedObject.m; sourceTree = "<group>"; };
		7CC5B1AF131D797D00FEA4DE /* NSDate+Utilities.h */ = {isa = PBXFileReference; fileEncoding = 4; lastKnownFileType = sourcecode.c.h; path = "NSDate+Utilities.h"; sourceTree = "<group>"; };
		7CC5B1B0131D797D00FEA4DE /* NSDate+Utilities.m */ = {isa = PBXFileReference; fileEncoding = 4; lastKnownFileType = sourcecode.c.objc; path = "NSDate+Utilities.m"; sourceTree = "<group>"; };
		7CC78EC1132965A700CA2B45 /* LastUpdateViewController.h */ = {isa = PBXFileReference; fileEncoding = 4; lastKnownFileType = sourcecode.c.h; path = LastUpdateViewController.h; sourceTree = "<group>"; };
		7CC78EC2132965A700CA2B45 /* LastUpdateViewController.m */ = {isa = PBXFileReference; fileEncoding = 4; lastKnownFileType = sourcecode.c.objc; path = LastUpdateViewController.m; sourceTree = "<group>"; };
		7CC78ED313296F0900CA2B45 /* EducationViewController.h */ = {isa = PBXFileReference; fileEncoding = 4; lastKnownFileType = sourcecode.c.h; path = EducationViewController.h; sourceTree = "<group>"; };
		7CC78ED413296F0900CA2B45 /* EducationViewController.m */ = {isa = PBXFileReference; fileEncoding = 4; lastKnownFileType = sourcecode.c.objc; path = EducationViewController.m; sourceTree = "<group>"; };
		7CC78ED81329732000CA2B45 /* SchoolViewController.h */ = {isa = PBXFileReference; fileEncoding = 4; lastKnownFileType = sourcecode.c.h; path = SchoolViewController.h; sourceTree = "<group>"; };
		7CC78ED91329732000CA2B45 /* SchoolViewController.m */ = {isa = PBXFileReference; fileEncoding = 4; lastKnownFileType = sourcecode.c.objc; path = SchoolViewController.m; sourceTree = "<group>"; };
		7CC78EE51329857F00CA2B45 /* ConcentrationViewController.h */ = {isa = PBXFileReference; fileEncoding = 4; lastKnownFileType = sourcecode.c.h; path = ConcentrationViewController.h; sourceTree = "<group>"; };
		7CC78EE61329858000CA2B45 /* ConcentrationViewController.m */ = {isa = PBXFileReference; fileEncoding = 4; lastKnownFileType = sourcecode.c.objc; path = ConcentrationViewController.m; sourceTree = "<group>"; };
		7CD02E5F1330161D0019728A /* ArrayBasedTableViewController.h */ = {isa = PBXFileReference; fileEncoding = 4; lastKnownFileType = sourcecode.c.h; path = ArrayBasedTableViewController.h; sourceTree = "<group>"; };
		7CD02E601330161D0019728A /* ArrayBasedTableViewController.m */ = {isa = PBXFileReference; fileEncoding = 4; lastKnownFileType = sourcecode.c.objc; path = ArrayBasedTableViewController.m; sourceTree = "<group>"; };
		7CD9A7FF1333FD4F0004AA48 /* attributeDisplayNames.plist */ = {isa = PBXFileReference; fileEncoding = 4; lastKnownFileType = text.plist.xml; path = attributeDisplayNames.plist; sourceTree = "<group>"; };
		7CE46ED61601793B009D3A5A /* MainStoryboard.storyboard */ = {isa = PBXFileReference; fileEncoding = 4; lastKnownFileType = file.storyboard; path = MainStoryboard.storyboard; sourceTree = "<group>"; };
		7CEE3BFA133946EB0004D50C /* EducationTableViewController.h */ = {isa = PBXFileReference; fileEncoding = 4; lastKnownFileType = sourcecode.c.h; path = EducationTableViewController.h; sourceTree = "<group>"; };
		7CEE3BFB133946EB0004D50C /* EducationTableViewController.m */ = {isa = PBXFileReference; fileEncoding = 4; lastKnownFileType = sourcecode.c.objc; path = EducationTableViewController.m; sourceTree = "<group>"; };
		7CEE3BFD133946FA0004D50C /* EducationCell.h */ = {isa = PBXFileReference; fileEncoding = 4; lastKnownFileType = sourcecode.c.h; path = EducationCell.h; sourceTree = "<group>"; };
		7CEE3BFE133946FB0004D50C /* EducationCell.m */ = {isa = PBXFileReference; fileEncoding = 4; lastKnownFileType = sourcecode.c.objc; path = EducationCell.m; sourceTree = "<group>"; };
		7CEF03A9132DD5F10058FD63 /* DegreeViewController.h */ = {isa = PBXFileReference; fileEncoding = 4; lastKnownFileType = sourcecode.c.h; path = DegreeViewController.h; sourceTree = "<group>"; };
		7CEF03AA132DD5F10058FD63 /* DegreeViewController.m */ = {isa = PBXFileReference; fileEncoding = 4; lastKnownFileType = sourcecode.c.objc; path = DegreeViewController.m; sourceTree = "<group>"; };
		7CF0CC661327F0E2006C5693 /* HometownViewController.h */ = {isa = PBXFileReference; fileEncoding = 4; lastKnownFileType = sourcecode.c.h; path = HometownViewController.h; sourceTree = "<group>"; };
		7CF0CC671327F0E2006C5693 /* HometownViewController.m */ = {isa = PBXFileReference; fileEncoding = 4; lastKnownFileType = sourcecode.c.objc; path = HometownViewController.m; sourceTree = "<group>"; };
		7CF0CC691327F3DB006C5693 /* UserLocationViewController.h */ = {isa = PBXFileReference; fileEncoding = 4; lastKnownFileType = sourcecode.c.h; path = UserLocationViewController.h; sourceTree = "<group>"; };
		7CF0CC6A1327F3DB006C5693 /* UserLocationViewController.m */ = {isa = PBXFileReference; fileEncoding = 4; lastKnownFileType = sourcecode.c.objc; path = UserLocationViewController.m; sourceTree = "<group>"; };
		7CF0CC6C1327FEF1006C5693 /* MapAnnotation.h */ = {isa = PBXFileReference; fileEncoding = 4; lastKnownFileType = sourcecode.c.h; path = MapAnnotation.h; sourceTree = "<group>"; };
		7CF0CC6D1327FEF2006C5693 /* MapAnnotation.m */ = {isa = PBXFileReference; fileEncoding = 4; lastKnownFileType = sourcecode.c.objc; path = MapAnnotation.m; sourceTree = "<group>"; };
		7CF6105B132EC0AA002D21DB /* WorkLocationViewController.h */ = {isa = PBXFileReference; fileEncoding = 4; lastKnownFileType = sourcecode.c.h; path = WorkLocationViewController.h; sourceTree = "<group>"; };
		7CF6105C132EC0AA002D21DB /* WorkLocationViewController.m */ = {isa = PBXFileReference; fileEncoding = 4; lastKnownFileType = sourcecode.c.objc; path = WorkLocationViewController.m; sourceTree = "<group>"; };
		7CF6105E132EC978002D21DB /* WorkTableViewController.h */ = {isa = PBXFileReference; fileEncoding = 4; lastKnownFileType = sourcecode.c.h; path = WorkTableViewController.h; sourceTree = "<group>"; };
		7CF6105F132EC979002D21DB /* WorkTableViewController.m */ = {isa = PBXFileReference; fileEncoding = 4; lastKnownFileType = sourcecode.c.objc; path = WorkTableViewController.m; sourceTree = "<group>"; };
		7CF6DCE3133E434C001CE00F /* PieChartColorSchemeRGB.plist */ = {isa = PBXFileReference; fileEncoding = 4; lastKnownFileType = text.plist.xml; path = PieChartColorSchemeRGB.plist; sourceTree = "<group>"; };
		8D1107310486CEB800E47090 /* FriendsAnalyzer-Info.plist */ = {isa = PBXFileReference; fileEncoding = 4; lastKnownFileType = text.plist.xml; path = "FriendsAnalyzer-Info.plist"; plistStructureDefinitionIdentifier = "com.apple.xcode.plist.structure-definition.iphone.info-plist"; sourceTree = "<group>"; };
		A01B68A0599B46F293D58176 /* Pods.xcconfig */ = {isa = PBXFileReference; includeInIndex = 1; lastKnownFileType = text.xcconfig; name = Pods.xcconfig; path = Pods/Pods.xcconfig; sourceTree = SOURCE_ROOT; };
		B3FCCBB91FCC45F9A2B33529 /* libPods.a */ = {isa = PBXFileReference; explicitFileType = archive.ar; includeInIndex = 0; path = libPods.a; sourceTree = BUILT_PRODUCTS_DIR; };
/* End PBXFileReference section */

/* Begin PBXFrameworksBuildPhase section */
		1D60588F0D05DD3D006BFB54 /* Frameworks */ = {
			isa = PBXFrameworksBuildPhase;
			buildActionMask = 2147483647;
			files = (
				7C7583761612A3FD00075271 /* Social.framework in Frameworks */,
				7C7583741612A3DA00075271 /* AdSupport.framework in Frameworks */,
				7C7583721612A3D500075271 /* Accounts.framework in Frameworks */,
				7C92D6471602876B00161D93 /* ImageIO.framework in Frameworks */,
				7C83D9DE1325745F0059BBF0 /* CoreLocation.framework in Frameworks */,
				7C83D9D613256D4B0059BBF0 /* MapKit.framework in Frameworks */,
				1D60589F0D05DD5A006BFB54 /* Foundation.framework in Frameworks */,
				1DF5F4E00D08C38300B7A737 /* UIKit.framework in Frameworks */,
				2892E4100DC94CBA00A64D0F /* CoreGraphics.framework in Frameworks */,
				28860BE50F44EE6400985440 /* CoreData.framework in Frameworks */,
				6D9A1391118740B187F62EC0 /* libPods.a in Frameworks */,
			);
			runOnlyForDeploymentPostprocessing = 0;
		};
/* End PBXFrameworksBuildPhase section */

/* Begin PBXGroup section */
		080E96DDFE201D6D7F000001 /* Classes */ = {
			isa = PBXGroup;
			children = (
				7CC5B0D4131D6F6200FEA4DE /* AppDelegate.h */,
				7CC5B0D5131D6F6200FEA4DE /* AppDelegate.m */,
				7CE46ED61601793B009D3A5A /* MainStoryboard.storyboard */,
				7CC5B10A131D6F6B00FEA4DE /* Root View */,
				7C4DD517131D8514006C69CF /* Main Menu View */,
				7C37C307131EEC7E004EFA64 /* Name View */,
				7C13AF851321487F001FD36C /* Birthday View */,
				7C83D9CF13256B710059BBF0 /* Location View */,
				7C1FF31A132EA9D000110D03 /* Work View */,
				7CC78ED213296EEF00CA2B45 /* Education View */,
				7CC78EC01329648B00CA2B45 /* Last Update View */,
				7C4DD677131DA42F006C69CF /* Table View */,
				7C42EFD51333DD6100BA6B5F /* User Detail View */,
				7CC5B10E131D6FAB00FEA4DE /* Pie Chart */,
				7C83D9DF13257D2F0059BBF0 /* Utilities */,
				7CC5B10D131D6F8D00FEA4DE /* Categories */,
				7CC5B10B131D6F7700FEA4DE /* Data Models */,
			);
			path = Classes;
			sourceTree = "<group>";
		};
		19C28FACFE9D520D11CA2CBB /* Products */ = {
			isa = PBXGroup;
			children = (
				1D6058910D05DD3D006BFB54 /* FriendsAnalyzer.app */,
			);
			name = Products;
			sourceTree = "<group>";
		};
		29B97314FDCFA39411CA2CEA /* CustomTemplate */ = {
			isa = PBXGroup;
			children = (
				080E96DDFE201D6D7F000001 /* Classes */,
				29B97315FDCFA39411CA2CEA /* Other Sources */,
				7C73063E17E165370067A1DA /* Images.xcassets */,
				29B97323FDCFA39411CA2CEA /* Frameworks */,
				19C28FACFE9D520D11CA2CBB /* Products */,
				A01B68A0599B46F293D58176 /* Pods.xcconfig */,
			);
			name = CustomTemplate;
			sourceTree = "<group>";
		};
		29B97315FDCFA39411CA2CEA /* Other Sources */ = {
			isa = PBXGroup;
			children = (
				28A0AAE50D9B0CCF005BE974 /* FriendsAnalyzer_Prefix.pch */,
				29B97316FDCFA39411CA2CEA /* main.m */,
				8D1107310486CEB800E47090 /* FriendsAnalyzer-Info.plist */,
			);
			name = "Other Sources";
			sourceTree = "<group>";
		};
		29B97323FDCFA39411CA2CEA /* Frameworks */ = {
			isa = PBXGroup;
			children = (
				7C7583751612A3FD00075271 /* Social.framework */,
				7C7583731612A3DA00075271 /* AdSupport.framework */,
				7C7583711612A3D500075271 /* Accounts.framework */,
				7C92D6461602876B00161D93 /* ImageIO.framework */,
				7C83D9DD1325745F0059BBF0 /* CoreLocation.framework */,
				7C83D9D513256D4B0059BBF0 /* MapKit.framework */,
				1DF5F4DF0D08C38300B7A737 /* UIKit.framework */,
				1D30AB110D05D00D00671497 /* Foundation.framework */,
				2892E40F0DC94CBA00A64D0F /* CoreGraphics.framework */,
				28860BE40F44EE6400985440 /* CoreData.framework */,
				B3FCCBB91FCC45F9A2B33529 /* libPods.a */,
			);
			name = Frameworks;
			sourceTree = "<group>";
		};
		7C13AF851321487F001FD36C /* Birthday View */ = {
			isa = PBXGroup;
			children = (
				7C13AF8C13214C8C001FD36C /* BirthdayViewController.h */,
				7C13AF8D13214C8C001FD36C /* BirthdayViewController.m */,
				7C74C55713219060003258AC /* Horoscope.plist */,
			);
			name = "Birthday View";
			sourceTree = "<group>";
		};
		7C1FF31A132EA9D000110D03 /* Work View */ = {
			isa = PBXGroup;
			children = (
				7C1FF31B132EABE300110D03 /* WorkViewController.h */,
				7C1FF31C132EABE300110D03 /* WorkViewController.m */,
				7C1FF321132EB29500110D03 /* EmployerViewController.h */,
				7C1FF322132EB29500110D03 /* EmployerViewController.m */,
				7C70C00B1331614A00E1B87C /* PositionViewController.h */,
				7C70C00C1331614A00E1B87C /* PositionViewController.m */,
				7CF6105B132EC0AA002D21DB /* WorkLocationViewController.h */,
				7CF6105C132EC0AA002D21DB /* WorkLocationViewController.m */,
				7CF6105E132EC978002D21DB /* WorkTableViewController.h */,
				7CF6105F132EC979002D21DB /* WorkTableViewController.m */,
				7C70C00813315F3000E1B87C /* WorkCell.h */,
				7C70C00913315F3000E1B87C /* WorkCell.m */,
				7C0C07171603DA030026CF44 /* WorkCell.xib */,
			);
			name = "Work View";
			sourceTree = "<group>";
		};
		7C37C307131EEC7E004EFA64 /* Name View */ = {
			isa = PBXGroup;
			children = (
				7C37C308131EEC91004EFA64 /* NameViewController.h */,
				7C37C309131EEC91004EFA64 /* NameViewController.m */,
				7C5141F5133BF990001A0573 /* LastNameViewController.h */,
				7C5141F6133BF990001A0573 /* LastNameViewController.m */,
				7C5141F8133BF99F001A0573 /* FullNameViewController.h */,
				7C5141F9133BF99F001A0573 /* FullNameViewController.m */,
			);
			name = "Name View";
			sourceTree = "<group>";
		};
		7C42EFD51333DD6100BA6B5F /* User Detail View */ = {
			isa = PBXGroup;
			children = (
				7C42EFD61333DD8300BA6B5F /* UserDetailViewController.h */,
				7C42EFD71333DD8300BA6B5F /* UserDetailViewController.m */,
				7C42EFD81333DD8300BA6B5F /* UserDetailViewController.xib */,
				7CD9A7FF1333FD4F0004AA48 /* attributeDisplayNames.plist */,
			);
			name = "User Detail View";
			sourceTree = "<group>";
		};
		7C4DD517131D8514006C69CF /* Main Menu View */ = {
			isa = PBXGroup;
			children = (
				7C4DD518131D852A006C69CF /* MainMenuViewController.h */,
				7C4DD519131D852A006C69CF /* MainMenuViewController.m */,
				7C4DD510131D8081006C69CF /* MenuStructure.plist */,
			);
			name = "Main Menu View";
			sourceTree = "<group>";
		};
		7C4DD677131DA42F006C69CF /* Table View */ = {
			isa = PBXGroup;
			children = (
				7CC5B0D6131D6F6200FEA4DE /* UserTableViewController.h */,
				7CC5B0D7131D6F6200FEA4DE /* UserTableViewController.m */,
				7C1FF31E132EAD3700110D03 /* FRCBasedTableViewController.h */,
				7C1FF31F132EAD3700110D03 /* FRCBasedTableViewController.m */,
				7CD02E5F1330161D0019728A /* ArrayBasedTableViewController.h */,
				7CD02E601330161D0019728A /* ArrayBasedTableViewController.m */,
				7C92D64C16028E8400161D93 /* CounterCell.h */,
				7C92D64D16028E8400161D93 /* CounterCell.m */,
				7C92D64F16028E9200161D93 /* CounterCell.xib */,
			);
			name = "Table View";
			sourceTree = "<group>";
		};
		7C83D9CF13256B710059BBF0 /* Location View */ = {
			isa = PBXGroup;
			children = (
				7C83D9D013256BA10059BBF0 /* LocationViewController.h */,
				7C83D9D113256BA10059BBF0 /* LocationViewController.m */,
				7C0C06F71603D0560026CF44 /* LocationViewController.xib */,
				7CF0CC661327F0E2006C5693 /* HometownViewController.h */,
				7CF0CC671327F0E2006C5693 /* HometownViewController.m */,
				7CF0CC691327F3DB006C5693 /* UserLocationViewController.h */,
				7CF0CC6A1327F3DB006C5693 /* UserLocationViewController.m */,
			);
			name = "Location View";
			sourceTree = "<group>";
		};
		7C83D9DF13257D2F0059BBF0 /* Utilities */ = {
			isa = PBXGroup;
			children = (
				7C37C1A2131EA0FC004EFA64 /* FBRequestOperation.h */,
				7C37C1A3131EA0FC004EFA64 /* FBRequestOperation.m */,
				7C79F60313FC565A00E86629 /* ForwardGeocodingOperationV2.h */,
				7C79F60413FC565A00E86629 /* ForwardGeocodingOperationV2.m */,
			);
			name = Utilities;
			sourceTree = "<group>";
		};
		7CC5B10A131D6F6B00FEA4DE /* Root View */ = {
			isa = PBXGroup;
			children = (
				7CC5B0DF131D6F6200FEA4DE /* RootViewController.h */,
				7CC5B0E0131D6F6200FEA4DE /* RootViewController.m */,
			);
			name = "Root View";
			sourceTree = "<group>";
		};
		7CC5B10B131D6F7700FEA4DE /* Data Models */ = {
			isa = PBXGroup;
			children = (
				28D3F201112F7DC200FD0661 /* FriendsAnalyzer.xcdatamodeld */,
				7CC5B185131D764700FEA4DE /* EnhancedManagedObject.h */,
				7CC5B186131D764700FEA4DE /* EnhancedManagedObject.m */,
				7C5C6FDC16095EBC00A7C615 /* ObjectAttribute.h */,
				7C5C6FDD16095EBD00A7C615 /* ObjectAttribute.m */,
				7C5C6FE816095EC100A7C615 /* User.h */,
				7C5C6FE916095EC100A7C615 /* User.m */,
				7C5C6FE516095EC000A7C615 /* Education.h */,
				7C5C6FE616095EC100A7C615 /* Education.m */,
				7C5C6FDF16095EBE00A7C615 /* Work.h */,
				7C5C6FE016095EBE00A7C615 /* Work.m */,
				7C5C6FE216095EBF00A7C615 /* Geocode.h */,
				7C5C6FE316095EBF00A7C615 /* Geocode.m */,
				7C5C6FEB16095EC100A7C615 /* LocationName.h */,
				7C5C6FEC16095EC100A7C615 /* LocationName.m */,
				7CF0CC6C1327FEF1006C5693 /* MapAnnotation.h */,
				7CF0CC6D1327FEF2006C5693 /* MapAnnotation.m */,
			);
			name = "Data Models";
			sourceTree = "<group>";
		};
		7CC5B10D131D6F8D00FEA4DE /* Categories */ = {
			isa = PBXGroup;
			children = (
				7CC5B1AF131D797D00FEA4DE /* NSDate+Utilities.h */,
				7CC5B1B0131D797D00FEA4DE /* NSDate+Utilities.m */,
				7C5EB55B13F328720063F116 /* UIColor+Utilities.h */,
				7C5EB55C13F328720063F116 /* UIColor+Utilities.m */,
			);
			name = Categories;
			sourceTree = "<group>";
		};
		7CC5B10E131D6FAB00FEA4DE /* Pie Chart */ = {
			isa = PBXGroup;
			children = (
				7CC5B0DA131D6F6200FEA4DE /* PieChartView.h */,
				7CC5B0DB131D6F6200FEA4DE /* PieChartView.m */,
				7C4995E51342758500A49BBA /* PieChartObject.h */,
				7C4995E61342758500A49BBA /* PieChartObject.m */,
				7CC5B0D9131D6F6200FEA4DE /* PieChartColorScheme.plist */,
				7CF6DCE3133E434C001CE00F /* PieChartColorSchemeRGB.plist */,
			);
			name = "Pie Chart";
			sourceTree = "<group>";
		};
		7CC78EC01329648B00CA2B45 /* Last Update View */ = {
			isa = PBXGroup;
			children = (
				7CC78EC1132965A700CA2B45 /* LastUpdateViewController.h */,
				7CC78EC2132965A700CA2B45 /* LastUpdateViewController.m */,
			);
			name = "Last Update View";
			sourceTree = "<group>";
		};
		7CC78ED213296EEF00CA2B45 /* Education View */ = {
			isa = PBXGroup;
			children = (
				7CC78ED313296F0900CA2B45 /* EducationViewController.h */,
				7CC78ED413296F0900CA2B45 /* EducationViewController.m */,
				7CC78ED81329732000CA2B45 /* SchoolViewController.h */,
				7CC78ED91329732000CA2B45 /* SchoolViewController.m */,
				7CEF03A9132DD5F10058FD63 /* DegreeViewController.h */,
				7CEF03AA132DD5F10058FD63 /* DegreeViewController.m */,
				7CC78EE51329857F00CA2B45 /* ConcentrationViewController.h */,
				7CC78EE61329858000CA2B45 /* ConcentrationViewController.m */,
				7CEE3BFA133946EB0004D50C /* EducationTableViewController.h */,
				7CEE3BFB133946EB0004D50C /* EducationTableViewController.m */,
				7CEE3BFD133946FA0004D50C /* EducationCell.h */,
				7CEE3BFE133946FB0004D50C /* EducationCell.m */,
				7C0C07191603DF7F0026CF44 /* EducationCell.xib */,
			);
			name = "Education View";
			sourceTree = "<group>";
		};
/* End PBXGroup section */

/* Begin PBXNativeTarget section */
		1D6058900D05DD3D006BFB54 /* FriendsAnalyzer */ = {
			isa = PBXNativeTarget;
			buildConfigurationList = 1D6058960D05DD3E006BFB54 /* Build configuration list for PBXNativeTarget "FriendsAnalyzer" */;
			buildPhases = (
				D4CF6E941D8D4084BA4D0626 /* Check Pods Manifest.lock */,
				1D60588D0D05DD3D006BFB54 /* Resources */,
				1D60588E0D05DD3D006BFB54 /* Sources */,
				1D60588F0D05DD3D006BFB54 /* Frameworks */,
				30C98B478FD14B14B72C9544 /* Copy Pods Resources */,
			);
			buildRules = (
			);
			dependencies = (
			);
			name = FriendsAnalyzer;
			productName = FriendsAnalyzer;
			productReference = 1D6058910D05DD3D006BFB54 /* FriendsAnalyzer.app */;
			productType = "com.apple.product-type.application";
		};
/* End PBXNativeTarget section */

/* Begin PBXProject section */
		29B97313FDCFA39411CA2CEA /* Project object */ = {
			isa = PBXProject;
			attributes = {
				LastUpgradeCheck = 0500;
				TargetAttributes = {
					1D6058900D05DD3D006BFB54 = {
						SystemCapabilities = {
							com.apple.iOS = {
								enabled = 1;
							};
						};
					};
				};
			};
			buildConfigurationList = C01FCF4E08A954540054247B /* Build configuration list for PBXProject "FriendsAnalyzer" */;
			compatibilityVersion = "Xcode 3.2";
			developmentRegion = English;
			hasScannedForEncodings = 1;
			knownRegions = (
				English,
				Japanese,
				French,
				German,
				en,
			);
			mainGroup = 29B97314FDCFA39411CA2CEA /* CustomTemplate */;
			projectDirPath = "";
			projectRoot = "";
			targets = (
				1D6058900D05DD3D006BFB54 /* FriendsAnalyzer */,
			);
		};
/* End PBXProject section */

/* Begin PBXResourcesBuildPhase section */
		1D60588D0D05DD3D006BFB54 /* Resources */ = {
			isa = PBXResourcesBuildPhase;
			buildActionMask = 2147483647;
			files = (
				7CC5B0FD131D6F6200FEA4DE /* PieChartColorScheme.plist in Resources */,
				7C4DD511131D8081006C69CF /* MenuStructure.plist in Resources */,
				7C74C55813219060003258AC /* Horoscope.plist in Resources */,
				7C42EFDA1333DD8300BA6B5F /* UserDetailViewController.xib in Resources */,
				7CD9A8001333FD4F0004AA48 /* attributeDisplayNames.plist in Resources */,
				7CF6DCE4133E434C001CE00F /* PieChartColorSchemeRGB.plist in Resources */,
				7C73063F17E165370067A1DA /* Images.xcassets in Resources */,
				7CE46ED71601793B009D3A5A /* MainStoryboard.storyboard in Resources */,
				7C92D65016028E9200161D93 /* CounterCell.xib in Resources */,
				7C0C06F81603D0560026CF44 /* LocationViewController.xib in Resources */,
				7C0C07181603DA030026CF44 /* WorkCell.xib in Resources */,
				7C0C071A1603DF7F0026CF44 /* EducationCell.xib in Resources */,
			);
			runOnlyForDeploymentPostprocessing = 0;
		};
/* End PBXResourcesBuildPhase section */

/* Begin PBXShellScriptBuildPhase section */
		30C98B478FD14B14B72C9544 /* Copy Pods Resources */ = {
			isa = PBXShellScriptBuildPhase;
			buildActionMask = 2147483647;
			files = (
			);
			inputPaths = (
			);
			name = "Copy Pods Resources";
			outputPaths = (
			);
			runOnlyForDeploymentPostprocessing = 0;
			shellPath = /bin/sh;
			shellScript = "\"${SRCROOT}/Pods/Pods-resources.sh\"\n";
			showEnvVarsInLog = 0;
		};
		D4CF6E941D8D4084BA4D0626 /* Check Pods Manifest.lock */ = {
			isa = PBXShellScriptBuildPhase;
			buildActionMask = 2147483647;
			files = (
			);
			inputPaths = (
			);
			name = "Check Pods Manifest.lock";
			outputPaths = (
			);
			runOnlyForDeploymentPostprocessing = 0;
			shellPath = /bin/sh;
			shellScript = "diff \"${PODS_ROOT}/../Podfile.lock\" \"${PODS_ROOT}/Manifest.lock\" > /dev/null\nif [[ $? != 0 ]] ; then\n    cat << EOM\nerror: The sandbox is not in sync with the Podfile.lock. Run 'pod install' or update your CocoaPods installation.\nEOM\n    exit 1\nfi\n";
			showEnvVarsInLog = 0;
		};
/* End PBXShellScriptBuildPhase section */

/* Begin PBXSourcesBuildPhase section */
		1D60588E0D05DD3D006BFB54 /* Sources */ = {
			isa = PBXSourcesBuildPhase;
			buildActionMask = 2147483647;
			files = (
				1D60589B0D05DD56006BFB54 /* main.m in Sources */,
				28D3F202112F7DC200FD0661 /* FriendsAnalyzer.xcdatamodeld in Sources */,
				7CC5B0FA131D6F6200FEA4DE /* AppDelegate.m in Sources */,
				7CC5B0FB131D6F6200FEA4DE /* UserTableViewController.m in Sources */,
				7CC5B0FE131D6F6200FEA4DE /* PieChartView.m in Sources */,
				7CC5B101131D6F6200FEA4DE /* RootViewController.m in Sources */,
				7CC5B187131D764700FEA4DE /* EnhancedManagedObject.m in Sources */,
				7CC5B1B1131D797D00FEA4DE /* NSDate+Utilities.m in Sources */,
				7C4DD51B131D852A006C69CF /* MainMenuViewController.m in Sources */,
				7C37C1A4131EA0FC004EFA64 /* FBRequestOperation.m in Sources */,
				7C37C30B131EEC91004EFA64 /* NameViewController.m in Sources */,
				7C13AF8F13214C8C001FD36C /* BirthdayViewController.m in Sources */,
				7C83D9D313256BA10059BBF0 /* LocationViewController.m in Sources */,
				7CF0CC681327F0E3006C5693 /* HometownViewController.m in Sources */,
				7CF0CC6B1327F3DC006C5693 /* UserLocationViewController.m in Sources */,
				7CF0CC6E1327FEF6006C5693 /* MapAnnotation.m in Sources */,
				7CC78EC4132965A700CA2B45 /* LastUpdateViewController.m in Sources */,
				7CC78ED613296F0900CA2B45 /* EducationViewController.m in Sources */,
				7CC78EDA1329732100CA2B45 /* SchoolViewController.m in Sources */,
				7CC78EE71329858200CA2B45 /* ConcentrationViewController.m in Sources */,
				7CEF03AB132DD5F20058FD63 /* DegreeViewController.m in Sources */,
				7C1FF31D132EABE300110D03 /* WorkViewController.m in Sources */,
				7C1FF320132EAD3700110D03 /* FRCBasedTableViewController.m in Sources */,
				7C1FF323132EB29600110D03 /* EmployerViewController.m in Sources */,
				7CF6105D132EC0AA002D21DB /* WorkLocationViewController.m in Sources */,
				7CF61060132EC979002D21DB /* WorkTableViewController.m in Sources */,
				7CD02E611330161D0019728A /* ArrayBasedTableViewController.m in Sources */,
				7C70C00A13315F3000E1B87C /* WorkCell.m in Sources */,
				7C70C00D1331614C00E1B87C /* PositionViewController.m in Sources */,
				7C42EFD91333DD8300BA6B5F /* UserDetailViewController.m in Sources */,
				7CEE3BFC133946EB0004D50C /* EducationTableViewController.m in Sources */,
				7CEE3BFF133946FB0004D50C /* EducationCell.m in Sources */,
				7C5141F7133BF991001A0573 /* LastNameViewController.m in Sources */,
				7C5141FA133BF9A0001A0573 /* FullNameViewController.m in Sources */,
				7C4995E71342758500A49BBA /* PieChartObject.m in Sources */,
				7C5EB55D13F328720063F116 /* UIColor+Utilities.m in Sources */,
				7C79F60513FC565A00E86629 /* ForwardGeocodingOperationV2.m in Sources */,
				7C92D64E16028E8400161D93 /* CounterCell.m in Sources */,
				7C5C6FDE16095EBD00A7C615 /* ObjectAttribute.m in Sources */,
				7C5C6FE116095EBF00A7C615 /* Work.m in Sources */,
				7C5C6FE416095EBF00A7C615 /* Geocode.m in Sources */,
				7C5C6FE716095EC100A7C615 /* Education.m in Sources */,
				7C5C6FEA16095EC100A7C615 /* User.m in Sources */,
				7C5C6FED16095EC100A7C615 /* LocationName.m in Sources */,
			);
			runOnlyForDeploymentPostprocessing = 0;
		};
/* End PBXSourcesBuildPhase section */

/* Begin XCBuildConfiguration section */
		1D6058940D05DD3E006BFB54 /* Debug */ = {
			isa = XCBuildConfiguration;
			baseConfigurationReference = A01B68A0599B46F293D58176 /* Pods.xcconfig */;
			buildSettings = {
				ALWAYS_SEARCH_USER_PATHS = NO;
				ASSETCATALOG_COMPILER_APPICON_NAME = AppIcon;
				ASSETCATALOG_COMPILER_LAUNCHIMAGE_NAME = LaunchImage;
				CLANG_ENABLE_OBJC_ARC = YES;
				COPY_PHASE_STRIP = NO;
				GCC_DYNAMIC_NO_PIC = NO;
				GCC_OPTIMIZATION_LEVEL = 0;
				GCC_PRECOMPILE_PREFIX_HEADER = YES;
				GCC_PREFIX_HEADER = FriendsAnalyzer_Prefix.pch;
				HEADER_SEARCH_PATHS = "$(inherited)";
				INFOPLIST_FILE = "FriendsAnalyzer-Info.plist";
				IPHONEOS_DEPLOYMENT_TARGET = 7.0;
				LIBRARY_SEARCH_PATHS = "$(inherited)";
				OTHER_LDFLAGS = "$(inherited)";
				PRODUCT_NAME = FriendsAnalyzer;
				TARGETED_DEVICE_FAMILY = "1,2";
			};
			name = Debug;
		};
		1D6058950D05DD3E006BFB54 /* Release */ = {
			isa = XCBuildConfiguration;
			baseConfigurationReference = A01B68A0599B46F293D58176 /* Pods.xcconfig */;
			buildSettings = {
				ALWAYS_SEARCH_USER_PATHS = NO;
				ASSETCATALOG_COMPILER_APPICON_NAME = AppIcon;
				ASSETCATALOG_COMPILER_LAUNCHIMAGE_NAME = LaunchImage;
				CLANG_ENABLE_OBJC_ARC = YES;
				COPY_PHASE_STRIP = YES;
				GCC_PRECOMPILE_PREFIX_HEADER = YES;
				GCC_PREFIX_HEADER = FriendsAnalyzer_Prefix.pch;
				HEADER_SEARCH_PATHS = "$(inherited)";
				INFOPLIST_FILE = "FriendsAnalyzer-Info.plist";
				IPHONEOS_DEPLOYMENT_TARGET = 7.0;
				LIBRARY_SEARCH_PATHS = "$(inherited)";
				OTHER_LDFLAGS = "$(inherited)";
				PRODUCT_NAME = FriendsAnalyzer;
				TARGETED_DEVICE_FAMILY = "1,2";
				VALIDATE_PRODUCT = YES;
			};
			name = Release;
		};
		C01FCF4F08A954540054247B /* Debug */ = {
			isa = XCBuildConfiguration;
			buildSettings = {
				CLANG_WARN_BOOL_CONVERSION = YES;
				CLANG_WARN_CONSTANT_CONVERSION = YES;
				CLANG_WARN_EMPTY_BODY = YES;
				CLANG_WARN_ENUM_CONVERSION = YES;
				CLANG_WARN_INT_CONVERSION = YES;
				CLANG_WARN__DUPLICATE_METHOD_MATCH = YES;
				CODE_SIGN_IDENTITY = "iPhone Developer";
				"CODE_SIGN_IDENTITY[sdk=iphoneos*]" = "iPhone Developer";
				GCC_C_LANGUAGE_STANDARD = c99;
				GCC_VERSION = com.apple.compilers.llvm.clang.1_0;
				GCC_WARN_64_TO_32_BIT_CONVERSION = YES;
				GCC_WARN_ABOUT_RETURN_TYPE = YES;
				GCC_WARN_UNDECLARED_SELECTOR = YES;
				GCC_WARN_UNINITIALIZED_AUTOS = YES;
				GCC_WARN_UNUSED_FUNCTION = YES;
				GCC_WARN_UNUSED_VARIABLE = YES;
				ONLY_ACTIVE_ARCH = YES;
				PROVISIONING_PROFILE = "";
				SDKROOT = iphoneos;
			};
			name = Debug;
		};
		C01FCF5008A954540054247B /* Release */ = {
			isa = XCBuildConfiguration;
			buildSettings = {
				CLANG_WARN_BOOL_CONVERSION = YES;
				CLANG_WARN_CONSTANT_CONVERSION = YES;
				CLANG_WARN_EMPTY_BODY = YES;
				CLANG_WARN_ENUM_CONVERSION = YES;
				CLANG_WARN_INT_CONVERSION = YES;
				CLANG_WARN__DUPLICATE_METHOD_MATCH = YES;
				CODE_SIGN_IDENTITY = "iPhone Distribution";
				"CODE_SIGN_IDENTITY[sdk=iphoneos*]" = "iPhone Distribution";
				GCC_C_LANGUAGE_STANDARD = c99;
				GCC_VERSION = com.apple.compilers.llvm.clang.1_0;
				GCC_WARN_64_TO_32_BIT_CONVERSION = YES;
				GCC_WARN_ABOUT_RETURN_TYPE = YES;
				GCC_WARN_UNDECLARED_SELECTOR = YES;
				GCC_WARN_UNINITIALIZED_AUTOS = YES;
				GCC_WARN_UNUSED_FUNCTION = YES;
				GCC_WARN_UNUSED_VARIABLE = YES;
				OTHER_CFLAGS = "-DNS_BLOCK_ASSERTIONS=1";
				PROVISIONING_PROFILE = "";
				"PROVISIONING_PROFILE[sdk=iphoneos*]" = "";
				SDKROOT = iphoneos;
			};
			name = Release;
		};
/* End XCBuildConfiguration section */

/* Begin XCConfigurationList section */
		1D6058960D05DD3E006BFB54 /* Build configuration list for PBXNativeTarget "FriendsAnalyzer" */ = {
			isa = XCConfigurationList;
			buildConfigurations = (
				1D6058940D05DD3E006BFB54 /* Debug */,
				1D6058950D05DD3E006BFB54 /* Release */,
			);
			defaultConfigurationIsVisible = 0;
			defaultConfigurationName = Release;
		};
		C01FCF4E08A954540054247B /* Build configuration list for PBXProject "FriendsAnalyzer" */ = {
			isa = XCConfigurationList;
			buildConfigurations = (
				C01FCF4F08A954540054247B /* Debug */,
				C01FCF5008A954540054247B /* Release */,
			);
			defaultConfigurationIsVisible = 0;
			defaultConfigurationName = Release;
		};
/* End XCConfigurationList section */

/* Begin XCVersionGroup section */
		28D3F201112F7DC200FD0661 /* FriendsAnalyzer.xcdatamodeld */ = {
			isa = XCVersionGroup;
			children = (
				28860B760F44E54D00985440 /* FriendsAnalyzer.xcdatamodel */,
			);
			currentVersion = 28860B760F44E54D00985440 /* FriendsAnalyzer.xcdatamodel */;
			name = FriendsAnalyzer.xcdatamodeld;
			path = ../FriendsAnalyzer.xcdatamodeld;
			sourceTree = "<group>";
			versionGroupType = wrapper.xcdatamodel;
		};
/* End XCVersionGroup section */
	};
	rootObject = 29B97313FDCFA39411CA2CEA /* Project object */;
}
